
Microsoft Visual Studio Solution File, Format Version 12.00
# Visual Studio 2012
Project("{FAE04EC0-301F-11D3-BF4B-00C04F79EFBC}") = "StartupTechStack", "StartupTechStack\StartupTechStack.csproj", "{FAC54E62-A58A-4D44-AA97-9BE55F8A0E67}"
EndProject
Project("{2150E333-8FDC-42A3-9474-1A3956D46DE8}") = "Test", "Test", "{E53038AA-0037-4161-A562-71671B38B78E}"
EndProject
Project("{FAE04EC0-301F-11D3-BF4B-00C04F79EFBC}") = "StartupTechStackTest", "Test\StartupTechStackTest\StartupTechStackTest.csproj", "{83BCEE08-7D8C-4E98-AA57-DB88D92544E5}"
EndProject
Global
	GlobalSection(SolutionConfigurationPlatforms) = preSolution
		Debug|Any CPU = Debug|Any CPU
		Release|Any CPU = Release|Any CPU
	EndGlobalSection
	GlobalSection(ProjectConfigurationPlatforms) = postSolution
		{FAC54E62-A58A-4D44-AA97-9BE55F8A0E67}.Debug|Any CPU.ActiveCfg = Debug|Any CPU
		{FAC54E62-A58A-4D44-AA97-9BE55F8A0E67}.Debug|Any CPU.Build.0 = Debug|Any CPU
		{FAC54E62-A58A-4D44-AA97-9BE55F8A0E67}.Release|Any CPU.ActiveCfg = Release|Any CPU
		{FAC54E62-A58A-4D44-AA97-9BE55F8A0E67}.Release|Any CPU.Build.0 = Release|Any CPU
		{83BCEE08-7D8C-4E98-AA57-DB88D92544E5}.Debug|Any CPU.ActiveCfg = Debug|Any CPU
		{83BCEE08-7D8C-4E98-AA57-DB88D92544E5}.Debug|Any CPU.Build.0 = Debug|Any CPU
		{83BCEE08-7D8C-4E98-AA57-DB88D92544E5}.Release|Any CPU.ActiveCfg = Release|Any CPU
		{83BCEE08-7D8C-4E98-AA57-DB88D92544E5}.Release|Any CPU.Build.0 = Release|Any CPU
	EndGlobalSection
	GlobalSection(SolutionProperties) = preSolution
		HideSolutionNode = FALSE
	EndGlobalSection
	GlobalSection(NestedProjects) = preSolution
		{83BCEE08-7D8C-4E98-AA57-DB88D92544E5} = {E53038AA-0037-4161-A562-71671B38B78E}
	EndGlobalSection
EndGlobal
